
Microsoft Visual Studio Solution File, Format Version 12.00
# Visual Studio 2013
VisualStudioVersion = 12.0.30723.0
MinimumVisualStudioVersion = 10.0.40219.1
Project("{FAE04EC0-301F-11D3-BF4B-00C04F79EFBC}") = "SG", "SG\SG\SG.csproj", "{C91A1A47-09A1-4AB8-A44C-09212EA81214}"
EndProject
Project("{FAE04EC0-301F-11D3-BF4B-00C04F79EFBC}") = "SG.iOS", "SG\SG.iOS\SG.iOS.csproj", "{A94A681B-6D35-4C25-983C-1A6C2F9632C1}"
EndProject
Project("{FAE04EC0-301F-11D3-BF4B-00C04F79EFBC}") = "SG.Droid", "SG\SG.Droid\SG.Droid.csproj", "{CDB3F100-BC5A-4A79-956A-60D8BF05AF7E}"
EndProject
Global
	GlobalSection(SolutionConfigurationPlatforms) = preSolution
		Ad-Hoc|Any CPU = Ad-Hoc|Any CPU
		Ad-Hoc|ARM = Ad-Hoc|ARM
		Ad-Hoc|iPhone = Ad-Hoc|iPhone
		Ad-Hoc|iPhoneSimulator = Ad-Hoc|iPhoneSimulator
		Ad-Hoc|Mixed Platforms = Ad-Hoc|Mixed Platforms
		Ad-Hoc|x86 = Ad-Hoc|x86
		AppStore|Any CPU = AppStore|Any CPU
		AppStore|ARM = AppStore|ARM
		AppStore|iPhone = AppStore|iPhone
		AppStore|iPhoneSimulator = AppStore|iPhoneSimulator
		AppStore|Mixed Platforms = AppStore|Mixed Platforms
		AppStore|x86 = AppStore|x86
		Debug|Any CPU = Debug|Any CPU
		Debug|ARM = Debug|ARM
		Debug|iPhone = Debug|iPhone
		Debug|iPhoneSimulator = Debug|iPhoneSimulator
		Debug|Mixed Platforms = Debug|Mixed Platforms
		Debug|x86 = Debug|x86
		Release|Any CPU = Release|Any CPU
		Release|ARM = Release|ARM
		Release|iPhone = Release|iPhone
		Release|iPhoneSimulator = Release|iPhoneSimulator
		Release|Mixed Platforms = Release|Mixed Platforms
		Release|x86 = Release|x86
	EndGlobalSection
	GlobalSection(ProjectConfigurationPlatforms) = postSolution
		{C91A1A47-09A1-4AB8-A44C-09212EA81214}.Ad-Hoc|Any CPU.ActiveCfg = Release|Any CPU
		{C91A1A47-09A1-4AB8-A44C-09212EA81214}.Ad-Hoc|Any CPU.Build.0 = Release|Any CPU
		{C91A1A47-09A1-4AB8-A44C-09212EA81214}.Ad-Hoc|ARM.ActiveCfg = Release|Any CPU
		{C91A1A47-09A1-4AB8-A44C-09212EA81214}.Ad-Hoc|iPhone.ActiveCfg = Release|Any CPU
		{C91A1A47-09A1-4AB8-A44C-09212EA81214}.Ad-Hoc|iPhoneSimulator.ActiveCfg = Release|Any CPU
		{C91A1A47-09A1-4AB8-A44C-09212EA81214}.Ad-Hoc|Mixed Platforms.ActiveCfg = Release|Any CPU
		{C91A1A47-09A1-4AB8-A44C-09212EA81214}.Ad-Hoc|Mixed Platforms.Build.0 = Release|Any CPU
		{C91A1A47-09A1-4AB8-A44C-09212EA81214}.Ad-Hoc|x86.ActiveCfg = Release|Any CPU
		{C91A1A47-09A1-4AB8-A44C-09212EA81214}.AppStore|Any CPU.ActiveCfg = Release|Any CPU
		{C91A1A47-09A1-4AB8-A44C-09212EA81214}.AppStore|Any CPU.Build.0 = Release|Any CPU
		{C91A1A47-09A1-4AB8-A44C-09212EA81214}.AppStore|ARM.ActiveCfg = Release|Any CPU
		{C91A1A47-09A1-4AB8-A44C-09212EA81214}.AppStore|iPhone.ActiveCfg = Release|Any CPU
		{C91A1A47-09A1-4AB8-A44C-09212EA81214}.AppStore|iPhoneSimulator.ActiveCfg = Release|Any CPU
		{C91A1A47-09A1-4AB8-A44C-09212EA81214}.AppStore|Mixed Platforms.ActiveCfg = Release|Any CPU
		{C91A1A47-09A1-4AB8-A44C-09212EA81214}.AppStore|Mixed Platforms.Build.0 = Release|Any CPU
		{C91A1A47-09A1-4AB8-A44C-09212EA81214}.AppStore|x86.ActiveCfg = Release|Any CPU
		{C91A1A47-09A1-4AB8-A44C-09212EA81214}.Debug|Any CPU.ActiveCfg = Debug|Any CPU
		{C91A1A47-09A1-4AB8-A44C-09212EA81214}.Debug|Any CPU.Build.0 = Debug|Any CPU
		{C91A1A47-09A1-4AB8-A44C-09212EA81214}.Debug|ARM.ActiveCfg = Debug|Any CPU
		{C91A1A47-09A1-4AB8-A44C-09212EA81214}.Debug|iPhone.ActiveCfg = Debug|Any CPU
		{C91A1A47-09A1-4AB8-A44C-09212EA81214}.Debug|iPhoneSimulator.ActiveCfg = Debug|Any CPU
		{C91A1A47-09A1-4AB8-A44C-09212EA81214}.Debug|Mixed Platforms.ActiveCfg = Debug|Any CPU
		{C91A1A47-09A1-4AB8-A44C-09212EA81214}.Debug|Mixed Platforms.Build.0 = Debug|Any CPU
		{C91A1A47-09A1-4AB8-A44C-09212EA81214}.Debug|x86.ActiveCfg = Debug|Any CPU
		{C91A1A47-09A1-4AB8-A44C-09212EA81214}.Release|Any CPU.ActiveCfg = Release|Any CPU
		{C91A1A47-09A1-4AB8-A44C-09212EA81214}.Release|Any CPU.Build.0 = Release|Any CPU
		{C91A1A47-09A1-4AB8-A44C-09212EA81214}.Release|ARM.ActiveCfg = Release|Any CPU
		{C91A1A47-09A1-4AB8-A44C-09212EA81214}.Release|iPhone.ActiveCfg = Release|Any CPU
		{C91A1A47-09A1-4AB8-A44C-09212EA81214}.Release|iPhoneSimulator.ActiveCfg = Release|Any CPU
		{C91A1A47-09A1-4AB8-A44C-09212EA81214}.Release|Mixed Platforms.ActiveCfg = Release|Any CPU
		{C91A1A47-09A1-4AB8-A44C-09212EA81214}.Release|Mixed Platforms.Build.0 = Release|Any CPU
		{C91A1A47-09A1-4AB8-A44C-09212EA81214}.Release|x86.ActiveCfg = Release|Any CPU
		{A94A681B-6D35-4C25-983C-1A6C2F9632C1}.Ad-Hoc|Any CPU.ActiveCfg = Ad-Hoc|iPhone
		{A94A681B-6D35-4C25-983C-1A6C2F9632C1}.Ad-Hoc|ARM.ActiveCfg = Ad-Hoc|iPhone
		{A94A681B-6D35-4C25-983C-1A6C2F9632C1}.Ad-Hoc|iPhone.ActiveCfg = Ad-Hoc|iPhone
		{A94A681B-6D35-4C25-983C-1A6C2F9632C1}.Ad-Hoc|iPhone.Build.0 = Ad-Hoc|iPhone
		{A94A681B-6D35-4C25-983C-1A6C2F9632C1}.Ad-Hoc|iPhoneSimulator.ActiveCfg = Ad-Hoc|iPhoneSimulator
		{A94A681B-6D35-4C25-983C-1A6C2F9632C1}.Ad-Hoc|iPhoneSimulator.Build.0 = Ad-Hoc|iPhoneSimulator
		{A94A681B-6D35-4C25-983C-1A6C2F9632C1}.Ad-Hoc|Mixed Platforms.ActiveCfg = Ad-Hoc|iPhone
		{A94A681B-6D35-4C25-983C-1A6C2F9632C1}.Ad-Hoc|Mixed Platforms.Build.0 = Ad-Hoc|iPhone
		{A94A681B-6D35-4C25-983C-1A6C2F9632C1}.Ad-Hoc|x86.ActiveCfg = Ad-Hoc|iPhone
		{A94A681B-6D35-4C25-983C-1A6C2F9632C1}.AppStore|Any CPU.ActiveCfg = AppStore|iPhone
		{A94A681B-6D35-4C25-983C-1A6C2F9632C1}.AppStore|ARM.ActiveCfg = AppStore|iPhone
		{A94A681B-6D35-4C25-983C-1A6C2F9632C1}.AppStore|iPhone.ActiveCfg = AppStore|iPhone
		{A94A681B-6D35-4C25-983C-1A6C2F9632C1}.AppStore|iPhone.Build.0 = AppStore|iPhone
		{A94A681B-6D35-4C25-983C-1A6C2F9632C1}.AppStore|iPhoneSimulator.ActiveCfg = AppStore|iPhoneSimulator
		{A94A681B-6D35-4C25-983C-1A6C2F9632C1}.AppStore|iPhoneSimulator.Build.0 = AppStore|iPhoneSimulator
		{A94A681B-6D35-4C25-983C-1A6C2F9632C1}.AppStore|Mixed Platforms.ActiveCfg = AppStore|iPhone
		{A94A681B-6D35-4C25-983C-1A6C2F9632C1}.AppStore|Mixed Platforms.Build.0 = AppStore|iPhone
		{A94A681B-6D35-4C25-983C-1A6C2F9632C1}.AppStore|x86.ActiveCfg = AppStore|iPhone
		{A94A681B-6D35-4C25-983C-1A6C2F9632C1}.Debug|Any CPU.ActiveCfg = Debug|iPhone
		{A94A681B-6D35-4C25-983C-1A6C2F9632C1}.Debug|ARM.ActiveCfg = Debug|iPhone
		{A94A681B-6D35-4C25-983C-1A6C2F9632C1}.Debug|iPhone.ActiveCfg = Debug|iPhone
		{A94A681B-6D35-4C25-983C-1A6C2F9632C1}.Debug|iPhone.Build.0 = Debug|iPhone
		{A94A681B-6D35-4C25-983C-1A6C2F9632C1}.Debug|iPhoneSimulator.ActiveCfg = Debug|iPhoneSimulator
		{A94A681B-6D35-4C25-983C-1A6C2F9632C1}.Debug|iPhoneSimulator.Build.0 = Debug|iPhoneSimulator
		{A94A681B-6D35-4C25-983C-1A6C2F9632C1}.Debug|Mixed Platforms.ActiveCfg = Debug|iPhone
		{A94A681B-6D35-4C25-983C-1A6C2F9632C1}.Debug|Mixed Platforms.Build.0 = Debug|iPhone
		{A94A681B-6D35-4C25-983C-1A6C2F9632C1}.Debug|x86.ActiveCfg = Debug|iPhone
		{A94A681B-6D35-4C25-983C-1A6C2F9632C1}.Release|Any CPU.ActiveCfg = Release|iPhone
		{A94A681B-6D35-4C25-983C-1A6C2F9632C1}.Release|ARM.ActiveCfg = Release|iPhone
		{A94A681B-6D35-4C25-983C-1A6C2F9632C1}.Release|iPhone.ActiveCfg = Release|iPhone
		{A94A681B-6D35-4C25-983C-1A6C2F9632C1}.Release|iPhone.Build.0 = Release|iPhone
		{A94A681B-6D35-4C25-983C-1A6C2F9632C1}.Release|iPhoneSimulator.ActiveCfg = Release|iPhoneSimulator
		{A94A681B-6D35-4C25-983C-1A6C2F9632C1}.Release|iPhoneSimulator.Build.0 = Release|iPhoneSimulator
		{A94A681B-6D35-4C25-983C-1A6C2F9632C1}.Release|Mixed Platforms.ActiveCfg = Release|iPhone
		{A94A681B-6D35-4C25-983C-1A6C2F9632C1}.Release|Mixed Platforms.Build.0 = Release|iPhone
		{A94A681B-6D35-4C25-983C-1A6C2F9632C1}.Release|x86.ActiveCfg = Release|iPhone
		{CDB3F100-BC5A-4A79-956A-60D8BF05AF7E}.Ad-Hoc|Any CPU.ActiveCfg = Release|Any CPU
		{CDB3F100-BC5A-4A79-956A-60D8BF05AF7E}.Ad-Hoc|Any CPU.Build.0 = Release|Any CPU
		{CDB3F100-BC5A-4A79-956A-60D8BF05AF7E}.Ad-Hoc|Any CPU.Deploy.0 = Release|Any CPU
		{CDB3F100-BC5A-4A79-956A-60D8BF05AF7E}.Ad-Hoc|ARM.ActiveCfg = Release|Any CPU
		{CDB3F100-BC5A-4A79-956A-60D8BF05AF7E}.Ad-Hoc|iPhone.ActiveCfg = Release|Any CPU
		{CDB3F100-BC5A-4A79-956A-60D8BF05AF7E}.Ad-Hoc|iPhoneSimulator.ActiveCfg = Release|Any CPU
		{CDB3F100-BC5A-4A79-956A-60D8BF05AF7E}.Ad-Hoc|Mixed Platforms.ActiveCfg = Release|Any CPU
		{CDB3F100-BC5A-4A79-956A-60D8BF05AF7E}.Ad-Hoc|Mixed Platforms.Build.0 = Release|Any CPU
		{CDB3F100-BC5A-4A79-956A-60D8BF05AF7E}.Ad-Hoc|Mixed Platforms.Deploy.0 = Release|Any CPU
		{CDB3F100-BC5A-4A79-956A-60D8BF05AF7E}.Ad-Hoc|x86.ActiveCfg = Release|Any CPU
		{CDB3F100-BC5A-4A79-956A-60D8BF05AF7E}.AppStore|Any CPU.ActiveCfg = Release|Any CPU
		{CDB3F100-BC5A-4A79-956A-60D8BF05AF7E}.AppStore|Any CPU.Build.0 = Release|Any CPU
		{CDB3F100-BC5A-4A79-956A-60D8BF05AF7E}.AppStore|Any CPU.Deploy.0 = Release|Any CPU
		{CDB3F100-BC5A-4A79-956A-60D8BF05AF7E}.AppStore|ARM.ActiveCfg = Release|Any CPU
		{CDB3F100-BC5A-4A79-956A-60D8BF05AF7E}.AppStore|iPhone.ActiveCfg = Release|Any CPU
		{CDB3F100-BC5A-4A79-956A-60D8BF05AF7E}.AppStore|iPhoneSimulator.ActiveCfg = Release|Any CPU
		{CDB3F100-BC5A-4A79-956A-60D8BF05AF7E}.AppStore|Mixed Platforms.ActiveCfg = Release|Any CPU
		{CDB3F100-BC5A-4A79-956A-60D8BF05AF7E}.AppStore|Mixed Platforms.Build.0 = Release|Any CPU
		{CDB3F100-BC5A-4A79-956A-60D8BF05AF7E}.AppStore|Mixed Platforms.Deploy.0 = Release|Any CPU
		{CDB3F100-BC5A-4A79-956A-60D8BF05AF7E}.AppStore|x86.ActiveCfg = Release|Any CPU
		{CDB3F100-BC5A-4A79-956A-60D8BF05AF7E}.Debug|Any CPU.ActiveCfg = Debug|Any CPU
		{CDB3F100-BC5A-4A79-956A-60D8BF05AF7E}.Debug|Any CPU.Build.0 = Debug|Any CPU
		{CDB3F100-BC5A-4A79-956A-60D8BF05AF7E}.Debug|Any CPU.Deploy.0 = Debug|Any CPU
		{CDB3F100-BC5A-4A79-956A-60D8BF05AF7E}.Debug|ARM.ActiveCfg = Debug|Any CPU
		{CDB3F100-BC5A-4A79-956A-60D8BF05AF7E}.Debug|iPhone.ActiveCfg = Debug|Any CPU
		{CDB3F100-BC5A-4A79-956A-60D8BF05AF7E}.Debug|iPhoneSimulator.ActiveCfg = Debug|Any CPU
		{CDB3F100-BC5A-4A79-956A-60D8BF05AF7E}.Debug|Mixed Platforms.ActiveCfg = Debug|Any CPU
		{CDB3F100-BC5A-4A79-956A-60D8BF05AF7E}.Debug|Mixed Platforms.Build.0 = Debug|Any CPU
		{CDB3F100-BC5A-4A79-956A-60D8BF05AF7E}.Debug|Mixed Platforms.Deploy.0 = Debug|Any CPU
		{CDB3F100-BC5A-4A79-956A-60D8BF05AF7E}.Debug|x86.ActiveCfg = Debug|Any CPU
		{CDB3F100-BC5A-4A79-956A-60D8BF05AF7E}.Release|Any CPU.ActiveCfg = Release|Any CPU
		{CDB3F100-BC5A-4A79-956A-60D8BF05AF7E}.Release|Any CPU.Build.0 = Release|Any CPU
		{CDB3F100-BC5A-4A79-956A-60D8BF05AF7E}.Release|Any CPU.Deploy.0 = Release|Any CPU
		{CDB3F100-BC5A-4A79-956A-60D8BF05AF7E}.Release|ARM.ActiveCfg = Release|Any CPU
		{CDB3F100-BC5A-4A79-956A-60D8BF05AF7E}.Release|iPhone.ActiveCfg = Release|Any CPU
		{CDB3F100-BC5A-4A79-956A-60D8BF05AF7E}.Release|iPhoneSimulator.ActiveCfg = Release|Any CPU
		{CDB3F100-BC5A-4A79-956A-60D8BF05AF7E}.Release|Mixed Platforms.ActiveCfg = Release|Any CPU
		{CDB3F100-BC5A-4A79-956A-60D8BF05AF7E}.Release|Mixed Platforms.Build.0 = Release|Any CPU
		{CDB3F100-BC5A-4A79-956A-60D8BF05AF7E}.Release|Mixed Platforms.Deploy.0 = Release|Any CPU
		{CDB3F100-BC5A-4A79-956A-60D8BF05AF7E}.Release|x86.ActiveCfg = Release|Any CPU
	EndGlobalSection
	GlobalSection(SolutionProperties) = preSolution
		HideSolutionNode = FALSE
	EndGlobalSection
EndGlobal
